// !$*UTF8*$!
{
	archiveVersion = 1;
	classes = {
	};
	objectVersion = 50;
	objects = {

/* Begin PBXBuildFile section */
		9340E3D4235D1A4B003A5080 /* AppDelegate.swift in Sources */ = {isa = PBXBuildFile; fileRef = 9340E3D3235D1A4B003A5080 /* AppDelegate.swift */; };
		9340E3D6235D1A4B003A5080 /* SceneDelegate.swift in Sources */ = {isa = PBXBuildFile; fileRef = 9340E3D5235D1A4B003A5080 /* SceneDelegate.swift */; };
		9340E3D8235D1A4B003A5080 /* ViewController.swift in Sources */ = {isa = PBXBuildFile; fileRef = 9340E3D7235D1A4B003A5080 /* ViewController.swift */; };
		9340E3DD235D1A4B003A5080 /* Assets.xcassets in Resources */ = {isa = PBXBuildFile; fileRef = 9340E3DC235D1A4B003A5080 /* Assets.xcassets */; };
		9340E3E0235D1A4B003A5080 /* LaunchScreen.storyboard in Resources */ = {isa = PBXBuildFile; fileRef = 9340E3DE235D1A4B003A5080 /* LaunchScreen.storyboard */; };
		9340E3EE235D2382003A5080 /* NetworkManager.swift in Sources */ = {isa = PBXBuildFile; fileRef = 9340E3ED235D2382003A5080 /* NetworkManager.swift */; };
		9340E3F0235D2433003A5080 /* Feed.swift in Sources */ = {isa = PBXBuildFile; fileRef = 9340E3EF235D2433003A5080 /* Feed.swift */; };
		9340E3F4235D2707003A5080 /* AlbumViewModel.swift in Sources */ = {isa = PBXBuildFile; fileRef = 9340E3F3235D2707003A5080 /* AlbumViewModel.swift */; };
		939E95A8235D3130007D53AF /* Extensions.swift in Sources */ = {isa = PBXBuildFile; fileRef = 939E95A7235D3130007D53AF /* Extensions.swift */; };
/* End PBXBuildFile section */

/* Begin PBXFileReference section */
		9340E3D0235D1A4B003A5080 /* Nike-Coding-Challenge.app */ = {isa = PBXFileReference; explicitFileType = wrapper.application; includeInIndex = 0; path = "Nike-Coding-Challenge.app"; sourceTree = BUILT_PRODUCTS_DIR; };
		9340E3D3235D1A4B003A5080 /* AppDelegate.swift */ = {isa = PBXFileReference; lastKnownFileType = sourcecode.swift; path = AppDelegate.swift; sourceTree = "<group>"; };
		9340E3D5235D1A4B003A5080 /* SceneDelegate.swift */ = {isa = PBXFileReference; lastKnownFileType = sourcecode.swift; path = SceneDelegate.swift; sourceTree = "<group>"; };
		9340E3D7235D1A4B003A5080 /* ViewController.swift */ = {isa = PBXFileReference; lastKnownFileType = sourcecode.swift; path = ViewController.swift; sourceTree = "<group>"; };
		9340E3DC235D1A4B003A5080 /* Assets.xcassets */ = {isa = PBXFileReference; lastKnownFileType = folder.assetcatalog; path = Assets.xcassets; sourceTree = "<group>"; };
		9340E3DF235D1A4B003A5080 /* Base */ = {isa = PBXFileReference; lastKnownFileType = file.storyboard; name = Base; path = Base.lproj/LaunchScreen.storyboard; sourceTree = "<group>"; };
		9340E3E1235D1A4B003A5080 /* Info.plist */ = {isa = PBXFileReference; lastKnownFileType = text.plist.xml; path = Info.plist; sourceTree = "<group>"; };
		9340E3ED235D2382003A5080 /* NetworkManager.swift */ = {isa = PBXFileReference; lastKnownFileType = sourcecode.swift; path = NetworkManager.swift; sourceTree = "<group>"; };
		9340E3EF235D2433003A5080 /* Feed.swift */ = {isa = PBXFileReference; lastKnownFileType = sourcecode.swift; path = Feed.swift; sourceTree = "<group>"; };
		9340E3F3235D2707003A5080 /* AlbumViewModel.swift */ = {isa = PBXFileReference; lastKnownFileType = sourcecode.swift; path = AlbumViewModel.swift; sourceTree = "<group>"; };
		939E95A7235D3130007D53AF /* Extensions.swift */ = {isa = PBXFileReference; lastKnownFileType = sourcecode.swift; path = Extensions.swift; sourceTree = "<group>"; };
/* End PBXFileReference section */

/* Begin PBXFrameworksBuildPhase section */
		9340E3CD235D1A4B003A5080 /* Frameworks */ = {
			isa = PBXFrameworksBuildPhase;
			buildActionMask = 2147483647;
			files = (
			);
			runOnlyForDeploymentPostprocessing = 0;
		};
/* End PBXFrameworksBuildPhase section */

/* Begin PBXGroup section */
		9340E3C7235D1A4B003A5080 = {
			isa = PBXGroup;
			children = (
				9340E3D2235D1A4B003A5080 /* Nike-Coding-Challenge */,
				9340E3D1235D1A4B003A5080 /* Products */,
			);
			sourceTree = "<group>";
		};
		9340E3D1235D1A4B003A5080 /* Products */ = {
			isa = PBXGroup;
			children = (
				9340E3D0235D1A4B003A5080 /* Nike-Coding-Challenge.app */,
			);
			name = Products;
			sourceTree = "<group>";
		};
		9340E3D2235D1A4B003A5080 /* Nike-Coding-Challenge */ = {
			isa = PBXGroup;
			children = (
				9340E3EC235D236F003A5080 /* NetworkManager */,
				9340E3EB235D233F003A5080 /* Resources */,
				9340E3EA235D2337003A5080 /* Utilities */,
				9340E3E9235D2331003A5080 /* Views */,
				9340E3E8235D2329003A5080 /* Models */,
				9340E3E7235D231C003A5080 /* ViewModels */,
				9340E3D3235D1A4B003A5080 /* AppDelegate.swift */,
				9340E3D5235D1A4B003A5080 /* SceneDelegate.swift */,
				9340E3E1235D1A4B003A5080 /* Info.plist */,
			);
			path = "Nike-Coding-Challenge";
			sourceTree = "<group>";
		};
		9340E3E7235D231C003A5080 /* ViewModels */ = {
			isa = PBXGroup;
			children = (
				9340E3F3235D2707003A5080 /* AlbumViewModel.swift */,
			);
			path = ViewModels;
			sourceTree = "<group>";
		};
		9340E3E8235D2329003A5080 /* Models */ = {
			isa = PBXGroup;
			children = (
				9340E3EF235D2433003A5080 /* Feed.swift */,
			);
			path = Models;
			sourceTree = "<group>";
		};
		9340E3E9235D2331003A5080 /* Views */ = {
			isa = PBXGroup;
			children = (
				9340E3D7235D1A4B003A5080 /* ViewController.swift */,
			);
			path = Views;
			sourceTree = "<group>";
		};
		9340E3EA235D2337003A5080 /* Utilities */ = {
			isa = PBXGroup;
			children = (
				939E95A7235D3130007D53AF /* Extensions.swift */,
			);
			path = Utilities;
			sourceTree = "<group>";
		};
		9340E3EB235D233F003A5080 /* Resources */ = {
			isa = PBXGroup;
			children = (
				9340E3DC235D1A4B003A5080 /* Assets.xcassets */,
				9340E3DE235D1A4B003A5080 /* LaunchScreen.storyboard */,
			);
			path = Resources;
			sourceTree = "<group>";
		};
		9340E3EC235D236F003A5080 /* NetworkManager */ = {
			isa = PBXGroup;
			children = (
				9340E3ED235D2382003A5080 /* NetworkManager.swift */,
			);
			path = NetworkManager;
			sourceTree = "<group>";
		};
/* End PBXGroup section */

/* Begin PBXNativeTarget section */
		9340E3CF235D1A4B003A5080 /* Nike-Coding-Challenge */ = {
			isa = PBXNativeTarget;
			buildConfigurationList = 9340E3E4235D1A4B003A5080 /* Build configuration list for PBXNativeTarget "Nike-Coding-Challenge" */;
			buildPhases = (
				9340E3CC235D1A4B003A5080 /* Sources */,
				9340E3CD235D1A4B003A5080 /* Frameworks */,
				9340E3CE235D1A4B003A5080 /* Resources */,
			);
			buildRules = (
			);
			dependencies = (
			);
			name = "Nike-Coding-Challenge";
			productName = "Nike-Coding-Challenge";
			productReference = 9340E3D0235D1A4B003A5080 /* Nike-Coding-Challenge.app */;
			productType = "com.apple.product-type.application";
		};
/* End PBXNativeTarget section */

/* Begin PBXProject section */
		9340E3C8235D1A4B003A5080 /* Project object */ = {
			isa = PBXProject;
			attributes = {
				LastSwiftUpdateCheck = 1110;
				LastUpgradeCheck = 1110;
				ORGANIZATIONNAME = "Ritu Patel";
				TargetAttributes = {
					9340E3CF235D1A4B003A5080 = {
						CreatedOnToolsVersion = 11.1;
					};
				};
			};
			buildConfigurationList = 9340E3CB235D1A4B003A5080 /* Build configuration list for PBXProject "Nike-Coding-Challenge" */;
			compatibilityVersion = "Xcode 9.3";
			developmentRegion = en;
			hasScannedForEncodings = 0;
			knownRegions = (
				en,
				Base,
			);
			mainGroup = 9340E3C7235D1A4B003A5080;
			productRefGroup = 9340E3D1235D1A4B003A5080 /* Products */;
			projectDirPath = "";
			projectRoot = "";
			targets = (
				9340E3CF235D1A4B003A5080 /* Nike-Coding-Challenge */,
			);
		};
/* End PBXProject section */

/* Begin PBXResourcesBuildPhase section */
		9340E3CE235D1A4B003A5080 /* Resources */ = {
			isa = PBXResourcesBuildPhase;
			buildActionMask = 2147483647;
			files = (
				9340E3E0235D1A4B003A5080 /* LaunchScreen.storyboard in Resources */,
				9340E3DD235D1A4B003A5080 /* Assets.xcassets in Resources */,
			);
			runOnlyForDeploymentPostprocessing = 0;
		};
/* End PBXResourcesBuildPhase section */

/* Begin PBXSourcesBuildPhase section */
		9340E3CC235D1A4B003A5080 /* Sources */ = {
			isa = PBXSourcesBuildPhase;
			buildActionMask = 2147483647;
			files = (
				9340E3F4235D2707003A5080 /* AlbumViewModel.swift in Sources */,
				9340E3EE235D2382003A5080 /* NetworkManager.swift in Sources */,
				9340E3F0235D2433003A5080 /* Feed.swift in Sources */,
				9340E3D8235D1A4B003A5080 /* ViewController.swift in Sources */,
				9340E3D4235D1A4B003A5080 /* AppDelegate.swift in Sources */,
				9340E3D6235D1A4B003A5080 /* SceneDelegate.swift in Sources */,
				939E95A8235D3130007D53AF /* Extensions.swift in Sources */,
			);
			runOnlyForDeploymentPostprocessing = 0;
		};
/* End PBXSourcesBuildPhase section */

/* Begin PBXVariantGroup section */
		9340E3DE235D1A4B003A5080 /* LaunchScreen.storyboard */ = {
			isa = PBXVariantGroup;
			children = (
				9340E3DF235D1A4B003A5080 /* Base */,
			);
			name = LaunchScreen.storyboard;
			sourceTree = "<group>";
		};
/* End PBXVariantGroup section */

/* Begin XCBuildConfiguration section */
		9340E3E2235D1A4B003A5080 /* Debug */ = {
			isa = XCBuildConfiguration;
			buildSettings = {
				ALWAYS_SEARCH_USER_PATHS = NO;
				CLANG_ANALYZER_NONNULL = YES;
				CLANG_ANALYZER_NUMBER_OBJECT_CONVERSION = YES_AGGRESSIVE;
				CLANG_CXX_LANGUAGE_STANDARD = "gnu++14";
				CLANG_CXX_LIBRARY = "libc++";
				CLANG_ENABLE_MODULES = YES;
				CLANG_ENABLE_OBJC_ARC = YES;
				CLANG_ENABLE_OBJC_WEAK = YES;
				CLANG_WARN_BLOCK_CAPTURE_AUTORELEASING = YES;
				CLANG_WARN_BOOL_CONVERSION = YES;
				CLANG_WARN_COMMA = YES;
				CLANG_WARN_CONSTANT_CONVERSION = YES;
				CLANG_WARN_DEPRECATED_OBJC_IMPLEMENTATIONS = YES;
				CLANG_WARN_DIRECT_OBJC_ISA_USAGE = YES_ERROR;
				CLANG_WARN_DOCUMENTATION_COMMENTS = YES;
				CLANG_WARN_EMPTY_BODY = YES;
				CLANG_WARN_ENUM_CONVERSION = YES;
				CLANG_WARN_INFINITE_RECURSION = YES;
				CLANG_WARN_INT_CONVERSION = YES;
				CLANG_WARN_NON_LITERAL_NULL_CONVERSION = YES;
				CLANG_WARN_OBJC_IMPLICIT_RETAIN_SELF = YES;
				CLANG_WARN_OBJC_LITERAL_CONVERSION = YES;
				CLANG_WARN_OBJC_ROOT_CLASS = YES_ERROR;
				CLANG_WARN_RANGE_LOOP_ANALYSIS = YES;
				CLANG_WARN_STRICT_PROTOTYPES = YES;
				CLANG_WARN_SUSPICIOUS_MOVE = YES;
				CLANG_WARN_UNGUARDED_AVAILABILITY = YES_AGGRESSIVE;
				CLANG_WARN_UNREACHABLE_CODE = YES;
				CLANG_WARN__DUPLICATE_METHOD_MATCH = YES;
				COPY_PHASE_STRIP = NO;
				DEBUG_INFORMATION_FORMAT = dwarf;
				ENABLE_STRICT_OBJC_MSGSEND = YES;
				ENABLE_TESTABILITY = YES;
				GCC_C_LANGUAGE_STANDARD = gnu11;
				GCC_DYNAMIC_NO_PIC = NO;
				GCC_NO_COMMON_BLOCKS = YES;
				GCC_OPTIMIZATION_LEVEL = 0;
				GCC_PREPROCESSOR_DEFINITIONS = (
					"DEBUG=1",
					"$(inherited)",
				);
				GCC_WARN_64_TO_32_BIT_CONVERSION = YES;
				GCC_WARN_ABOUT_RETURN_TYPE = YES_ERROR;
				GCC_WARN_UNDECLARED_SELECTOR = YES;
				GCC_WARN_UNINITIALIZED_AUTOS = YES_AGGRESSIVE;
				GCC_WARN_UNUSED_FUNCTION = YES;
				GCC_WARN_UNUSED_VARIABLE = YES;
				IPHONEOS_DEPLOYMENT_TARGET = 13.1;
				MTL_ENABLE_DEBUG_INFO = INCLUDE_SOURCE;
				MTL_FAST_MATH = YES;
				ONLY_ACTIVE_ARCH = YES;
				SDKROOT = iphoneos;
				SWIFT_ACTIVE_COMPILATION_CONDITIONS = DEBUG;
				SWIFT_OPTIMIZATION_LEVEL = "-Onone";
			};
			name = Debug;
		};
		9340E3E3235D1A4B003A5080 /* Release */ = {
			isa = XCBuildConfiguration;
			buildSettings = {
				ALWAYS_SEARCH_USER_PATHS = NO;
				CLANG_ANALYZER_NONNULL = YES;
				CLANG_ANALYZER_NUMBER_OBJECT_CONVERSION = YES_AGGRESSIVE;
				CLANG_CXX_LANGUAGE_STANDARD = "gnu++14";
				CLANG_CXX_LIBRARY = "libc++";
				CLANG_ENABLE_MODULES = YES;
				CLANG_ENABLE_OBJC_ARC = YES;
				CLANG_ENABLE_OBJC_WEAK = YES;
				CLANG_WARN_BLOCK_CAPTURE_AUTORELEASING = YES;
				CLANG_WARN_BOOL_CONVERSION = YES;
				CLANG_WARN_COMMA = YES;
				CLANG_WARN_CONSTANT_CONVERSION = YES;
				CLANG_WARN_DEPRECATED_OBJC_IMPLEMENTATIONS = YES;
				CLANG_WARN_DIRECT_OBJC_ISA_USAGE = YES_ERROR;
				CLANG_WARN_DOCUMENTATION_COMMENTS = YES;
				CLANG_WARN_EMPTY_BODY = YES;
				CLANG_WARN_ENUM_CONVERSION = YES;
				CLANG_WARN_INFINITE_RECURSION = YES;
				CLANG_WARN_INT_CONVERSION = YES;
				CLANG_WARN_NON_LITERAL_NULL_CONVERSION = YES;
				CLANG_WARN_OBJC_IMPLICIT_RETAIN_SELF = YES;
				CLANG_WARN_OBJC_LITERAL_CONVERSION = YES;
				CLANG_WARN_OBJC_ROOT_CLASS = YES_ERROR;
				CLANG_WARN_RANGE_LOOP_ANALYSIS = YES;
				CLANG_WARN_STRICT_PROTOTYPES = YES;
				CLANG_WARN_SUSPICIOUS_MOVE = YES;
				CLANG_WARN_UNGUARDED_AVAILABILITY = YES_AGGRESSIVE;
				CLANG_WARN_UNREACHABLE_CODE = YES;
				CLANG_WARN__DUPLICATE_METHOD_MATCH = YES;
				COPY_PHASE_STRIP = NO;
				DEBUG_INFORMATION_FORMAT = "dwarf-with-dsym";
				ENABLE_NS_ASSERTIONS = NO;
				ENABLE_STRICT_OBJC_MSGSEND = YES;
				GCC_C_LANGUAGE_STANDARD = gnu11;
				GCC_NO_COMMON_BLOCKS = YES;
				GCC_WARN_64_TO_32_BIT_CONVERSION = YES;
				GCC_WARN_ABOUT_RETURN_TYPE = YES_ERROR;
				GCC_WARN_UNDECLARED_SELECTOR = YES;
				GCC_WARN_UNINITIALIZED_AUTOS = YES_AGGRESSIVE;
				GCC_WARN_UNUSED_FUNCTION = YES;
				GCC_WARN_UNUSED_VARIABLE = YES;
				IPHONEOS_DEPLOYMENT_TARGET = 13.1;
				MTL_ENABLE_DEBUG_INFO = NO;
				MTL_FAST_MATH = YES;
				SDKROOT = iphoneos;
				SWIFT_COMPILATION_MODE = wholemodule;
				SWIFT_OPTIMIZATION_LEVEL = "-O";
				VALIDATE_PRODUCT = YES;
			};
			name = Release;
		};
		9340E3E5235D1A4B003A5080 /* Debug */ = {
			isa = XCBuildConfiguration;
			buildSettings = {
				ASSETCATALOG_COMPILER_APPICON_NAME = AppIcon;
				CODE_SIGN_STYLE = Automatic;
				INFOPLIST_FILE = "Nike-Coding-Challenge/Info.plist";
				LD_RUNPATH_SEARCH_PATHS = (
					"$(inherited)",
					"@executable_path/Frameworks",
				);
				PRODUCT_BUNDLE_IDENTIFIER = "Ritu-Patel.Nike-Coding-Challenge";
				PRODUCT_NAME = "$(TARGET_NAME)";
				SWIFT_VERSION = 5.0;
				TARGETED_DEVICE_FAMILY = "1,2";
			};
			name = Debug;
		};
		9340E3E6235D1A4B003A5080 /* Release */ = {
			isa = XCBuildConfiguration;
			buildSettings = {
				ASSETCATALOG_COMPILER_APPICON_NAME = AppIcon;
				CODE_SIGN_STYLE = Automatic;
				INFOPLIST_FILE = "Nike-Coding-Challenge/Info.plist";
				LD_RUNPATH_SEARCH_PATHS = (
					"$(inherited)",
					"@executable_path/Frameworks",
				);
				PRODUCT_BUNDLE_IDENTIFIER = "Ritu-Patel.Nike-Coding-Challenge";
				PRODUCT_NAME = "$(TARGET_NAME)";
				SWIFT_VERSION = 5.0;
				TARGETED_DEVICE_FAMILY = "1,2";
			};
			name = Release;
		};
/* End XCBuildConfiguration section */

/* Begin XCConfigurationList section */
		9340E3CB235D1A4B003A5080 /* Build configuration list for PBXProject "Nike-Coding-Challenge" */ = {
			isa = XCConfigurationList;
			buildConfigurations = (
				9340E3E2235D1A4B003A5080 /* Debug */,
				9340E3E3235D1A4B003A5080 /* Release */,
			);
			defaultConfigurationIsVisible = 0;
			defaultConfigurationName = Release;
		};
		9340E3E4235D1A4B003A5080 /* Build configuration list for PBXNativeTarget "Nike-Coding-Challenge" */ = {
			isa = XCConfigurationList;
			buildConfigurations = (
				9340E3E5235D1A4B003A5080 /* Debug */,
				9340E3E6235D1A4B003A5080 /* Release */,
			);
			defaultConfigurationIsVisible = 0;
			defaultConfigurationName = Release;
		};
/* End XCConfigurationList section */
	};
	rootObject = 9340E3C8235D1A4B003A5080 /* Project object */;
}
